{
  "version": 4,
  "terraform_version": "0.12.28",
  "serial": 96,
  "lineage": "2091744a-de5f-baca-3357-0b845e918f35",
  "outputs": {},
  "resources": [
    {
      "mode": "data",
      "type": "digitalocean_domain",
      "name": "web",
      "provider": "provider.digitalocean",
      "instances": [
        {
          "schema_version": 0,
          "attributes": {
            "id": "servewarevision.com",
            "name": "servewarevision.com",
            "ttl": 1800,
            "urn": "do:domain:servewarevision.com",
            "zone_file": "$ORIGIN servewarevision.com.\n$TTL 1800\nservewarevision.com. IN SOA ns1.digitalocean.com. hostmaster.servewarevision.com. 1594393413 10800 3600 604800 1800\nservewarevision.com. 1800 IN NS ns1.digitalocean.com.\nservewarevision.com. 1800 IN NS ns2.digitalocean.com.\nservewarevision.com. 1800 IN NS ns3.digitalocean.com.\nservewarevision.com. 3600 IN A 178.128.137.247\nservewarevision.com. 3600 IN A 178.128.140.135\n"
          }
        }
      ]
    },
    {
      "mode": "data",
      "type": "digitalocean_ssh_key",
      "name": "main",
      "provider": "provider.digitalocean",
      "instances": [
        {
          "schema_version": 0,
          "attributes": {
            "fingerprint": "69:fc:66:94:c9:4b:fe:83:64:02:47:9a:9d:c6:ef:4a",
            "id": "27906245",
            "name": "my-key",
            "public_key": "ssh-rsa AAAAB3NzaC1yc2EAAAADAQABAAABAQD2YOre9MfY0Cez1GJ9qK2DWBE4ePuFz93UnD4p65Xvzy+EAux090b0fhoyWpZFjHW7iqYp77LsF186idO8Wou1isDkyTQRx7pXQFW8NkuoK1a53BU/CQsfiuShy5OoI098Dt6caYRlWE+sBA0NEfCs3j4C4hAG2oDyUURtQd/bgTwxBJ5RCAum+R9WcRwhTXkQuinYHhh9+Pitm1161Y8BJ4wv2eA+zAF80kMn8sVD+dRPC0Y8jI13rMH9hrYzcyqp2PS//xS0uVhvlxrIWmX7w7oIUVrXwkYeDXJSSV0VUv3S6jumPf1DNdQZjGg+W4sFMoK/SMEXOrSWGP6ym8ZZ ovidiud@CI00021289"
          }
        }
      ]
    },
    {
      "mode": "managed",
      "type": "digitalocean_certificate",
      "name": "web",
      "provider": "provider.digitalocean",
      "instances": [
        {
          "schema_version": 0,
          "attributes": {
            "certificate_chain": null,
            "domains": [
              "admin.servewarevision.com"
            ],
            "id": "3c1ab7bf-775d-40f9-a726-11a11d3479a2",
            "leaf_certificate": null,
            "name": "eware-certificate",
            "not_after": "2020-10-08T14:05:32Z",
            "private_key": null,
            "sha1_fingerprint": "7aa085b896000df4c784ded47d74a52528165c4b",
            "state": "verified",
            "type": "lets_encrypt"
          },
          "private": "bnVsbA=="
        }
      ]
    },
    {
      "mode": "managed",
      "type": "digitalocean_droplet",
      "name": "bastion",
      "provider": "provider.digitalocean",
      "instances": [
        {
          "schema_version": 1,
          "attributes": {
            "backups": false,
            "created_at": "2020-07-10T15:05:29Z",
            "disk": 25,
            "id": "199485855",
            "image": "ubuntu-20-04-x64",
            "ipv4_address": "161.35.159.38",
            "ipv4_address_private": "192.168.43.2",
            "ipv6": false,
            "ipv6_address": "",
            "ipv6_address_private": null,
            "locked": false,
            "memory": 1024,
            "monitoring": false,
            "name": "bastion-eware-ams3",
            "price_hourly": 0.00744,
            "price_monthly": 5,
            "private_networking": true,
            "region": "ams3",
            "resize_disk": true,
            "size": "s-1vcpu-1gb",
            "ssh_keys": [
              "27906245"
            ],
            "status": "active",
            "tags": null,
            "urn": "do:droplet:199485855",
            "user_data": null,
            "vcpus": 1,
            "volume_ids": [],
            "vpc_uuid": "5680d8e8-83c0-49e9-9200-273b9449aa37"
          },
          "private": "eyJzY2hlbWFfdmVyc2lvbiI6IjEifQ==",
          "dependencies": [
            "digitalocean_vpc.web"
          ]
        }
      ]
    },
    {
      "mode": "managed",
      "type": "digitalocean_droplet",
      "name": "web",
      "each": "list",
      "provider": "provider.digitalocean",
      "instances": [
        {
          "index_key": 0,
          "schema_version": 1,
          "attributes": {
            "backups": false,
            "created_at": "2020-07-10T15:05:29Z",
            "disk": 25,
            "id": "199485854",
            "image": "ubuntu-20-04-x64",
            "ipv4_address": "164.90.192.62",
            "ipv4_address_private": "192.168.43.3",
            "ipv6": false,
            "ipv6_address": "",
            "ipv6_address_private": null,
            "locked": false,
            "memory": 1024,
            "monitoring": false,
            "name": "web-eware-ams3-1",
            "price_hourly": 0.00744,
            "price_monthly": 5,
            "private_networking": true,
            "region": "ams3",
            "resize_disk": true,
            "size": "s-1vcpu-1gb",
            "ssh_keys": [
              "27906245"
            ],
            "status": "active",
            "tags": [
              "eware-webserver"
            ],
            "urn": "do:droplet:199485854",
            "user_data": "be9e249575df19580eabf13d930c8ed20992e2ab",
            "vcpus": 1,
            "volume_ids": [],
            "vpc_uuid": "5680d8e8-83c0-49e9-9200-273b9449aa37"
          },
          "private": "eyJzY2hlbWFfdmVyc2lvbiI6IjEifQ==",
          "dependencies": [
            "digitalocean_vpc.web"
          ]
        }
      ]
    },
    {
      "mode": "managed",
      "type": "digitalocean_firewall",
      "name": "bastion",
      "provider": "provider.digitalocean",
      "instances": [
        {
          "schema_version": 0,
          "attributes": {
            "created_at": null,
            "droplet_ids": [
              199485855
            ],
            "id": "10986334-1464-43ea-adf8-6db39f945dff",
            "inbound_rule": [
              {
                "port_range": "22",
                "protocol": "tcp",
                "source_addresses": [
                  "0.0.0.0/0",
                  "::/0"
                ],
                "source_droplet_ids": [],
                "source_load_balancer_uids": [],
                "source_tags": []
              }
            ],
            "name": "eware-only-ssh-bastion",
            "outbound_rule": [
              {
                "destination_addresses": [
                  "192.168.43.0/24"
                ],
                "destination_droplet_ids": [],
                "destination_load_balancer_uids": [],
                "destination_tags": [],
                "port_range": "",
                "protocol": "icmp"
              },
              {
                "destination_addresses": [
                  "192.168.43.0/24"
                ],
                "destination_droplet_ids": [],
                "destination_load_balancer_uids": [],
                "destination_tags": [],
                "port_range": "22",
                "protocol": "tcp"
              }
            ],
            "pending_changes": [
              {
                "droplet_id": 199485855,
                "removing": false,
                "status": "waiting"
              }
            ],
            "status": "waiting",
            "tags": null
          },
          "private": "bnVsbA==",
          "dependencies": [
            "digitalocean_droplet.bastion",
            "digitalocean_vpc.web"
          ]
        }
      ]
    },
    {
      "mode": "managed",
      "type": "digitalocean_firewall",
      "name": "web",
      "provider": "provider.digitalocean",
      "instances": [
        {
          "schema_version": 0,
          "attributes": {
            "created_at": null,
            "droplet_ids": [
              199485854
            ],
            "id": "113e99e0-3f2f-4c15-a231-f4279490e0d0",
            "inbound_rule": [
              {
                "port_range": "",
                "protocol": "icmp",
                "source_addresses": [
                  "192.168.43.0/24"
                ],
                "source_droplet_ids": [],
                "source_load_balancer_uids": [],
                "source_tags": []
              },
              {
                "port_range": "1-65535",
                "protocol": "tcp",
                "source_addresses": [
                  "192.168.43.0/24"
                ],
                "source_droplet_ids": [],
                "source_load_balancer_uids": [],
                "source_tags": []
              },
              {
                "port_range": "1-65535",
                "protocol": "udp",
                "source_addresses": [
                  "192.168.43.0/24"
                ],
                "source_droplet_ids": [],
                "source_load_balancer_uids": [],
                "source_tags": []
              }
            ],
            "name": "minimal-vpc-only-vpc-traffic",
            "outbound_rule": [
              {
                "destination_addresses": [
                  "0.0.0.0/0",
                  "::/0"
                ],
                "destination_droplet_ids": [],
                "destination_load_balancer_uids": [],
                "destination_tags": [],
                "port_range": "",
                "protocol": "icmp"
              },
              {
                "destination_addresses": [
                  "0.0.0.0/0",
                  "::/0"
                ],
                "destination_droplet_ids": [],
                "destination_load_balancer_uids": [],
                "destination_tags": [],
                "port_range": "443",
                "protocol": "tcp"
              },
              {
                "destination_addresses": [
                  "0.0.0.0/0",
                  "::/0"
                ],
                "destination_droplet_ids": [],
                "destination_load_balancer_uids": [],
                "destination_tags": [],
                "port_range": "53",
                "protocol": "udp"
              },
              {
                "destination_addresses": [
                  "0.0.0.0/0",
                  "::/0"
                ],
                "destination_droplet_ids": [],
                "destination_load_balancer_uids": [],
                "destination_tags": [],
                "port_range": "80",
                "protocol": "tcp"
              },
              {
                "destination_addresses": [
                  "192.168.43.0/24"
                ],
                "destination_droplet_ids": [],
                "destination_load_balancer_uids": [],
                "destination_tags": [],
                "port_range": "",
                "protocol": "icmp"
              },
              {
                "destination_addresses": [
                  "192.168.43.0/24"
                ],
                "destination_droplet_ids": [],
                "destination_load_balancer_uids": [],
                "destination_tags": [],
                "port_range": "1-65535",
                "protocol": "tcp"
              },
              {
                "destination_addresses": [
                  "192.168.43.0/24"
                ],
                "destination_droplet_ids": [],
                "destination_load_balancer_uids": [],
                "destination_tags": [],
                "port_range": "1-65535",
                "protocol": "udp"
              }
            ],
            "pending_changes": [],
            "status": "succeeded",
            "tags": null
          },
          "private": "bnVsbA==",
          "dependencies": [
            "digitalocean_droplet.web",
            "digitalocean_vpc.web"
          ]
        }
      ]
    },
    {
      "mode": "managed",
      "type": "digitalocean_loadbalancer",
      "name": "web",
      "provider": "provider.digitalocean",
      "instances": [
        {
          "schema_version": 0,
          "attributes": {
            "algorithm": "round_robin",
            "droplet_ids": [
              199485854
            ],
            "droplet_tag": "",
            "enable_backend_keepalive": false,
            "enable_proxy_protocol": false,
            "forwarding_rule": [
              {
                "certificate_id": "3c1ab7bf-775d-40f9-a726-11a11d3479a2",
                "entry_port": 443,
                "entry_protocol": "https",
                "target_port": 80,
                "target_protocol": "http",
                "tls_passthrough": false
              },
              {
                "certificate_id": "3c1ab7bf-775d-40f9-a726-11a11d3479a2",
                "entry_port": 80,
                "entry_protocol": "http",
                "target_port": 80,
                "target_protocol": "http",
                "tls_passthrough": false
              }
            ],
            "healthcheck": [
              {
                "check_interval_seconds": 10,
                "healthy_threshold": 5,
                "path": "/",
                "port": 80,
                "protocol": "http",
                "response_timeout_seconds": 5,
                "unhealthy_threshold": 3
              }
            ],
            "id": "40aaa67e-afec-4154-b51d-77f95e947ad3",
            "ip": "178.128.137.247",
            "name": "web-ams3",
            "redirect_http_to_https": true,
            "region": "ams3",
            "status": "active",
            "sticky_sessions": [
              {
                "cookie_name": "",
                "cookie_ttl_seconds": 0,
                "type": "none"
              }
            ],
            "urn": "do:loadbalancer:40aaa67e-afec-4154-b51d-77f95e947ad3",
            "vpc_uuid": "5680d8e8-83c0-49e9-9200-273b9449aa37"
          },
          "private": "bnVsbA==",
          "dependencies": [
            "digitalocean_certificate.web",
            "digitalocean_droplet.web",
            "digitalocean_vpc.web"
          ]
        }
      ]
    },
    {
      "mode": "managed",
      "type": "digitalocean_record",
      "name": "bastion",
      "provider": "provider.digitalocean",
      "instances": [
        {
          "schema_version": 0,
          "attributes": {
            "domain": "servewarevision.com",
            "flags": 0,
            "fqdn": "bastion-eware-ams3.servewarevision.com",
            "id": "105857243",
            "name": "bastion-eware-ams3",
            "port": 0,
            "priority": 0,
            "tag": "",
            "ttl": 300,
            "type": "A",
            "value": "161.35.159.38",
            "weight": 0
          },
          "private": "bnVsbA==",
          "dependencies": [
            "digitalocean_droplet.bastion",
            "digitalocean_vpc.web"
          ]
        }
      ]
    },
    {
      "mode": "managed",
      "type": "digitalocean_record",
      "name": "web",
      "provider": "provider.digitalocean",
      "instances": [
        {
          "schema_version": 0,
          "attributes": {
            "domain": "servewarevision.com",
            "flags": 0,
            "fqdn": "admin.servewarevision.com",
            "id": "105857385",
            "name": "admin",
            "port": 0,
            "priority": 0,
            "tag": "",
            "ttl": 300,
            "type": "A",
            "value": "178.128.137.247",
            "weight": 0
          },
          "private": "bnVsbA==",
          "dependencies": [
            "digitalocean_certificate.web",
            "digitalocean_droplet.web",
            "digitalocean_loadbalancer.web",
            "digitalocean_vpc.web"
          ]
        }
      ]
    },
    {
      "mode": "managed",
      "type": "digitalocean_vpc",
      "name": "web",
      "provider": "provider.digitalocean",
      "instances": [
        {
          "schema_version": 0,
          "attributes": {
            "created_at": "2020-07-10 15:05:28 +0000 UTC",
            "default": false,
            "description": "",
            "id": "5680d8e8-83c0-49e9-9200-273b9449aa37",
            "ip_range": "192.168.43.0/24",
            "name": "ams3-vpc-01",
            "region": "ams3",
            "urn": "do:vpc:5680d8e8-83c0-49e9-9200-273b9449aa37"
          },
          "private": "bnVsbA=="
        }
      ]
    }
  ]
}
